{
  "name": "ng-screenshot-to-code",
  "version": "1.0.0",
  "lockfileVersion": 3,
  "requires": true,
  "packages": {
    "": {
      "name": "ng-screenshot-to-code",
      "version": "1.0.0",
      "dependencies": {
        "color-thief-browser": "^2.0.2"
      }
    },
    "node_modules/color-thief-browser": {
      "version": "2.0.2",
      "resolved": "https://registry.npmjs.org/color-thief-browser/-/color-thief-browser-2.0.2.tgz",
      "integrity": "sha512-dXHq3ytLWEN7Nbu+oZAbtBP/TRd3uNT1Ll38idklwgr8Cng3XGI7bzMz6xWYID+zPd7AupdHpyNYVacQ8uhK0w=="
    }
  }
}
